
Microsoft Visual Studio Solution File, Format Version 12.00
# Visual Studio Version 17
VisualStudioVersion = 17.5.001.0
MinimumVisualStudioVersion = 10.0.40219.1
Project("{9A19103F-16F7-4668-BE54-9A1E7A4F7556}") = "IdentityServerAspNetIdentity", "IdentityServerAspNetIdentity.csproj", "{D284E0A3-602D-4740-9345-D74AEED20B2D}"
EndProject
Global
	GlobalSection(SolutionConfigurationPlatforms) = preSolution
		Debug|Any CPU = Debug|Any CPU
		Release|Any CPU = Release|Any CPU
	EndGlobalSection
	GlobalSection(ProjectConfigurationPlatforms) = postSolution
		{D284E0A3-602D-4740-9345-D74AEED20B2D}.Debug|Any CPU.ActiveCfg = Debug|Any CPU
		{D284E0A3-602D-4740-9345-D74AEED20B2D}.Debug|Any CPU.Build.0 = Debug|Any CPU
		{D284E0A3-602D-4740-9345-D74AEED20B2D}.Release|Any CPU.ActiveCfg = Release|Any CPU
		{D284E0A3-602D-4740-9345-D74AEED20B2D}.Release|Any CPU.Build.0 = Release|Any CPU
	EndGlobalSection
	GlobalSection(SolutionProperties) = preSolution
		HideSolutionNode = FALSE
	EndGlobalSection
	GlobalSection(ExtensibilityGlobals) = postSolution
		SolutionGuid = {13B93D9B-3730-4946-A758-9F19F197789E}
	EndGlobalSection
EndGlobal
